
Microsoft Visual Studio Solution File, Format Version 12.00
# Visual Studio 15
VisualStudioVersion = 15.0.28307.645
MinimumVisualStudioVersion = 10.0.40219.1
Project("{9A19103F-16F7-4668-BE54-9A1E7A4F7556}") = "01-CreatingMultiPartition", "01-CreatingMultiPartition\01-CreatingMultiPartition.csproj", "{4EC95FF1-835F-4A63-AE37-2C2258546EAE}"
EndProject
Project("{9A19103F-16F7-4668-BE54-9A1E7A4F7556}") = "05-QueryWithNet", "05-build_net_app\05-QueryWithNet.csproj", "{30B1E3B3-5637-4B44-BDD7-5C3E42FBDC67}"
EndProject
Project("{9A19103F-16F7-4668-BE54-9A1E7A4F7556}") = "07-MultiDocTransactions", "07-authoring-stored-procedures-with-continuation\07-MultiDocTransactions.csproj", "{D94D81A5-7268-4F35-A5BE-1CDF7C0B2975}"
EndProject
Project("{9A19103F-16F7-4668-BE54-9A1E7A4F7556}") = "09-Troubleshooting", "09-Troubleshooting\09-Troubleshooting.csproj", "{C316A368-A408-4092-BBA2-668F97A92025}"
EndProject
Project("{9A19103F-16F7-4668-BE54-9A1E7A4F7556}") = "10-OptimisticConcurrency", "10-OptimisticConcurrency\10-OptimisticConcurrency.csproj", "{73CC798A-2F44-4DDF-BC91-06EED443B677}"
EndProject
Global
	GlobalSection(SolutionConfigurationPlatforms) = preSolution
		Debug|Any CPU = Debug|Any CPU
		Release|Any CPU = Release|Any CPU
	EndGlobalSection
	GlobalSection(ProjectConfigurationPlatforms) = postSolution
		{4EC95FF1-835F-4A63-AE37-2C2258546EAE}.Debug|Any CPU.ActiveCfg = Debug|Any CPU
		{4EC95FF1-835F-4A63-AE37-2C2258546EAE}.Debug|Any CPU.Build.0 = Debug|Any CPU
		{4EC95FF1-835F-4A63-AE37-2C2258546EAE}.Release|Any CPU.ActiveCfg = Release|Any CPU
		{4EC95FF1-835F-4A63-AE37-2C2258546EAE}.Release|Any CPU.Build.0 = Release|Any CPU
		{30B1E3B3-5637-4B44-BDD7-5C3E42FBDC67}.Debug|Any CPU.ActiveCfg = Debug|Any CPU
		{30B1E3B3-5637-4B44-BDD7-5C3E42FBDC67}.Debug|Any CPU.Build.0 = Debug|Any CPU
		{30B1E3B3-5637-4B44-BDD7-5C3E42FBDC67}.Release|Any CPU.ActiveCfg = Release|Any CPU
		{30B1E3B3-5637-4B44-BDD7-5C3E42FBDC67}.Release|Any CPU.Build.0 = Release|Any CPU
		{D94D81A5-7268-4F35-A5BE-1CDF7C0B2975}.Debug|Any CPU.ActiveCfg = Debug|Any CPU
		{D94D81A5-7268-4F35-A5BE-1CDF7C0B2975}.Debug|Any CPU.Build.0 = Debug|Any CPU
		{D94D81A5-7268-4F35-A5BE-1CDF7C0B2975}.Release|Any CPU.ActiveCfg = Release|Any CPU
		{D94D81A5-7268-4F35-A5BE-1CDF7C0B2975}.Release|Any CPU.Build.0 = Release|Any CPU
		{C316A368-A408-4092-BBA2-668F97A92025}.Debug|Any CPU.ActiveCfg = Debug|Any CPU
		{C316A368-A408-4092-BBA2-668F97A92025}.Debug|Any CPU.Build.0 = Debug|Any CPU
		{C316A368-A408-4092-BBA2-668F97A92025}.Release|Any CPU.ActiveCfg = Release|Any CPU
		{C316A368-A408-4092-BBA2-668F97A92025}.Release|Any CPU.Build.0 = Release|Any CPU
		{73CC798A-2F44-4DDF-BC91-06EED443B677}.Debug|Any CPU.ActiveCfg = Debug|Any CPU
		{73CC798A-2F44-4DDF-BC91-06EED443B677}.Debug|Any CPU.Build.0 = Debug|Any CPU
		{73CC798A-2F44-4DDF-BC91-06EED443B677}.Release|Any CPU.ActiveCfg = Release|Any CPU
		{73CC798A-2F44-4DDF-BC91-06EED443B677}.Release|Any CPU.Build.0 = Release|Any CPU
	EndGlobalSection
	GlobalSection(SolutionProperties) = preSolution
		HideSolutionNode = FALSE
	EndGlobalSection
	GlobalSection(ExtensibilityGlobals) = postSolution
		SolutionGuid = {ACEA5061-0D83-4E2A-A4D3-F4A8EAB0BA3D}
	EndGlobalSection
EndGlobal
